// !$*UTF8*$!
{
	archiveVersion = 1;
	classes = {
	};
	objectVersion = 46;
	objects = {

/* Begin PBXBuildFile section */
		2C00B02719A549E2005EE0B9 /* FurryCautte.jpg in Resources */ = {isa = PBXBuildFile; fileRef = 2C00B02619A549E2005EE0B9 /* FurryCautte.jpg */; };
		2C00B02919A55092005EE0B9 /* FurryCautte.png in Resources */ = {isa = PBXBuildFile; fileRef = 2C00B02819A55092005EE0B9 /* FurryCautte.png */; };
		2C74937118B3E11A00B81FFF /* Foundation.framework in Frameworks */ = {isa = PBXBuildFile; fileRef = 2C74937018B3E11A00B81FFF /* Foundation.framework */; };
		2C74937318B3E11A00B81FFF /* CoreGraphics.framework in Frameworks */ = {isa = PBXBuildFile; fileRef = 2C74937218B3E11A00B81FFF /* CoreGraphics.framework */; };
		2C74937518B3E11A00B81FFF /* UIKit.framework in Frameworks */ = {isa = PBXBuildFile; fileRef = 2C74937418B3E11A00B81FFF /* UIKit.framework */; };
		2C74937B18B3E11A00B81FFF /* InfoPlist.strings in Resources */ = {isa = PBXBuildFile; fileRef = 2C74937918B3E11A00B81FFF /* InfoPlist.strings */; };
		2C74937D18B3E11A00B81FFF /* main.m in Sources */ = {isa = PBXBuildFile; fileRef = 2C74937C18B3E11A00B81FFF /* main.m */; };
		2C74938118B3E11A00B81FFF /* STAppDelegate.m in Sources */ = {isa = PBXBuildFile; fileRef = 2C74938018B3E11A00B81FFF /* STAppDelegate.m */; };
		2C74938318B3E11A00B81FFF /* Images.xcassets in Resources */ = {isa = PBXBuildFile; fileRef = 2C74938218B3E11A00B81FFF /* Images.xcassets */; };
		2C74938A18B3E11B00B81FFF /* XCTest.framework in Frameworks */ = {isa = PBXBuildFile; fileRef = 2C74938918B3E11B00B81FFF /* XCTest.framework */; };
		2C74938B18B3E11B00B81FFF /* Foundation.framework in Frameworks */ = {isa = PBXBuildFile; fileRef = 2C74937018B3E11A00B81FFF /* Foundation.framework */; };
		2C74938C18B3E11B00B81FFF /* UIKit.framework in Frameworks */ = {isa = PBXBuildFile; fileRef = 2C74937418B3E11A00B81FFF /* UIKit.framework */; };
		2C74939418B3E11B00B81FFF /* InfoPlist.strings in Resources */ = {isa = PBXBuildFile; fileRef = 2C74939218B3E11B00B81FFF /* InfoPlist.strings */; };
		2C74939618B3E11B00B81FFF /* SocializeIntegTests.m in Sources */ = {isa = PBXBuildFile; fileRef = 2C74939518B3E11B00B81FFF /* SocializeIntegTests.m */; };
		2C7493A318B3EF0F00B81FFF /* STIntegListViewController.m in Sources */ = {isa = PBXBuildFile; fileRef = 2C7493A218B3EF0F00B81FFF /* STIntegListViewController.m */; };
		2C7493A618B4320300B81FFF /* KIFUITestActor+SocializeInteg.m in Sources */ = {isa = PBXBuildFile; fileRef = 2C7493A518B4320300B81FFF /* KIFUITestActor+SocializeInteg.m */; };
		2CB1E57518B529E900DAD2F6 /* ActionBarExampleViewController.m in Sources */ = {isa = PBXBuildFile; fileRef = 2CB1E57018B529E900DAD2F6 /* ActionBarExampleViewController.m */; };
		2CB1E57618B529E900DAD2F6 /* ActionBarExampleViewController.xib in Resources */ = {isa = PBXBuildFile; fileRef = 2CB1E57118B529E900DAD2F6 /* ActionBarExampleViewController.xib */; };
		2CB1E57718B529E900DAD2F6 /* ButtonExampleViewController.m in Sources */ = {isa = PBXBuildFile; fileRef = 2CB1E57318B529E900DAD2F6 /* ButtonExampleViewController.m */; };
		2CB1E57818B529E900DAD2F6 /* ButtonExampleViewController.xib in Resources */ = {isa = PBXBuildFile; fileRef = 2CB1E57418B529E900DAD2F6 /* ButtonExampleViewController.xib */; };
		2CB1E57A18B55C4C00DAD2F6 /* AdSupport.framework in Frameworks */ = {isa = PBXBuildFile; fileRef = 2CB1E57918B55C4C00DAD2F6 /* AdSupport.framework */; };
		2CB1E57C18B55C5300DAD2F6 /* MapKit.framework in Frameworks */ = {isa = PBXBuildFile; fileRef = 2CB1E57B18B55C5300DAD2F6 /* MapKit.framework */; };
		2CB1E57E18B55C5B00DAD2F6 /* QuartzCore.framework in Frameworks */ = {isa = PBXBuildFile; fileRef = 2CB1E57D18B55C5B00DAD2F6 /* QuartzCore.framework */; };
		2CB1E58018B55C6100DAD2F6 /* CoreLocation.framework in Frameworks */ = {isa = PBXBuildFile; fileRef = 2CB1E57F18B55C6100DAD2F6 /* CoreLocation.framework */; };
		2CB1E58218B55C6900DAD2F6 /* MessageUI.framework in Frameworks */ = {isa = PBXBuildFile; fileRef = 2CB1E58118B55C6900DAD2F6 /* MessageUI.framework */; };
		2CB3442C18B7EAFE002323DB /* TestAppHelper.m in Sources */ = {isa = PBXBuildFile; fileRef = 2CB3442B18B7EAFE002323DB /* TestAppHelper.m */; };
		5DAFA5B2CAF644EBB1E3DC6F /* libPods.a in Frameworks */ = {isa = PBXBuildFile; fileRef = 62F8C6B5DE944F96B3FEB355 /* libPods.a */; };
		C05DD5FDC849427FB5C5F09C /* libPods-SocializeIntegTests.a in Frameworks */ = {isa = PBXBuildFile; fileRef = 6340933BF8424A8F9681E83F /* libPods-SocializeIntegTests.a */; };
/* End PBXBuildFile section */

/* Begin PBXContainerItemProxy section */
		2C74938D18B3E11B00B81FFF /* PBXContainerItemProxy */ = {
			isa = PBXContainerItemProxy;
			containerPortal = 2C74936518B3E11A00B81FFF /* Project object */;
			proxyType = 1;
			remoteGlobalIDString = 2C74936C18B3E11A00B81FFF;
			remoteInfo = SocializeInteg;
		};
/* End PBXContainerItemProxy section */

/* Begin PBXFileReference section */
		2C00B02619A549E2005EE0B9 /* FurryCautte.jpg */ = {isa = PBXFileReference; lastKnownFileType = image.jpeg; path = FurryCautte.jpg; sourceTree = "<group>"; };
		2C00B02819A55092005EE0B9 /* FurryCautte.png */ = {isa = PBXFileReference; lastKnownFileType = image.png; path = FurryCautte.png; sourceTree = "<group>"; };
		2C74936D18B3E11A00B81FFF /* SocializeInteg.app */ = {isa = PBXFileReference; explicitFileType = wrapper.application; includeInIndex = 0; path = SocializeInteg.app; sourceTree = BUILT_PRODUCTS_DIR; };
		2C74937018B3E11A00B81FFF /* Foundation.framework */ = {isa = PBXFileReference; lastKnownFileType = wrapper.framework; name = Foundation.framework; path = System/Library/Frameworks/Foundation.framework; sourceTree = SDKROOT; };
		2C74937218B3E11A00B81FFF /* CoreGraphics.framework */ = {isa = PBXFileReference; lastKnownFileType = wrapper.framework; name = CoreGraphics.framework; path = System/Library/Frameworks/CoreGraphics.framework; sourceTree = SDKROOT; };
		2C74937418B3E11A00B81FFF /* UIKit.framework */ = {isa = PBXFileReference; lastKnownFileType = wrapper.framework; name = UIKit.framework; path = System/Library/Frameworks/UIKit.framework; sourceTree = SDKROOT; };
		2C74937818B3E11A00B81FFF /* SocializeInteg-Info.plist */ = {isa = PBXFileReference; lastKnownFileType = text.plist.xml; path = "SocializeInteg-Info.plist"; sourceTree = "<group>"; };
		2C74937A18B3E11A00B81FFF /* en */ = {isa = PBXFileReference; lastKnownFileType = text.plist.strings; name = en; path = en.lproj/InfoPlist.strings; sourceTree = "<group>"; };
		2C74937C18B3E11A00B81FFF /* main.m */ = {isa = PBXFileReference; lastKnownFileType = sourcecode.c.objc; path = main.m; sourceTree = "<group>"; };
		2C74937E18B3E11A00B81FFF /* SocializeInteg-Prefix.pch */ = {isa = PBXFileReference; lastKnownFileType = sourcecode.c.h; path = "SocializeInteg-Prefix.pch"; sourceTree = "<group>"; };
		2C74937F18B3E11A00B81FFF /* STAppDelegate.h */ = {isa = PBXFileReference; lastKnownFileType = sourcecode.c.h; path = STAppDelegate.h; sourceTree = "<group>"; };
		2C74938018B3E11A00B81FFF /* STAppDelegate.m */ = {isa = PBXFileReference; lastKnownFileType = sourcecode.c.objc; path = STAppDelegate.m; sourceTree = "<group>"; };
		2C74938218B3E11A00B81FFF /* Images.xcassets */ = {isa = PBXFileReference; lastKnownFileType = folder.assetcatalog; path = Images.xcassets; sourceTree = "<group>"; };
		2C74938818B3E11B00B81FFF /* SocializeIntegTests.xctest */ = {isa = PBXFileReference; explicitFileType = wrapper.cfbundle; includeInIndex = 0; path = SocializeIntegTests.xctest; sourceTree = BUILT_PRODUCTS_DIR; };
		2C74938918B3E11B00B81FFF /* XCTest.framework */ = {isa = PBXFileReference; lastKnownFileType = wrapper.framework; name = XCTest.framework; path = Library/Frameworks/XCTest.framework; sourceTree = DEVELOPER_DIR; };
		2C74939118B3E11B00B81FFF /* SocializeIntegTests-Info.plist */ = {isa = PBXFileReference; lastKnownFileType = text.plist.xml; path = "SocializeIntegTests-Info.plist"; sourceTree = "<group>"; };
		2C74939318B3E11B00B81FFF /* en */ = {isa = PBXFileReference; lastKnownFileType = text.plist.strings; name = en; path = en.lproj/InfoPlist.strings; sourceTree = "<group>"; };
		2C74939518B3E11B00B81FFF /* SocializeIntegTests.m */ = {isa = PBXFileReference; lastKnownFileType = sourcecode.c.objc; path = SocializeIntegTests.m; sourceTree = "<group>"; };
		2C7493A118B3EF0F00B81FFF /* STIntegListViewController.h */ = {isa = PBXFileReference; fileEncoding = 4; lastKnownFileType = sourcecode.c.h; path = STIntegListViewController.h; sourceTree = "<group>"; };
		2C7493A218B3EF0F00B81FFF /* STIntegListViewController.m */ = {isa = PBXFileReference; fileEncoding = 4; lastKnownFileType = sourcecode.c.objc; path = STIntegListViewController.m; sourceTree = "<group>"; };
		2C7493A418B4320300B81FFF /* KIFUITestActor+SocializeInteg.h */ = {isa = PBXFileReference; fileEncoding = 4; lastKnownFileType = sourcecode.c.h; name = "KIFUITestActor+SocializeInteg.h"; path = "SocializeIntegTests/KIFUITestActor+SocializeInteg.h"; sourceTree = SOURCE_ROOT; };
		2C7493A518B4320300B81FFF /* KIFUITestActor+SocializeInteg.m */ = {isa = PBXFileReference; fileEncoding = 4; lastKnownFileType = sourcecode.c.objc; name = "KIFUITestActor+SocializeInteg.m"; path = "SocializeIntegTests/KIFUITestActor+SocializeInteg.m"; sourceTree = SOURCE_ROOT; };
		2CB1E56F18B529E900DAD2F6 /* ActionBarExampleViewController.h */ = {isa = PBXFileReference; fileEncoding = 4; lastKnownFileType = sourcecode.c.h; path = ActionBarExampleViewController.h; sourceTree = "<group>"; };
		2CB1E57018B529E900DAD2F6 /* ActionBarExampleViewController.m */ = {isa = PBXFileReference; fileEncoding = 4; lastKnownFileType = sourcecode.c.objc; path = ActionBarExampleViewController.m; sourceTree = "<group>"; };
		2CB1E57118B529E900DAD2F6 /* ActionBarExampleViewController.xib */ = {isa = PBXFileReference; fileEncoding = 4; lastKnownFileType = file.xib; path = ActionBarExampleViewController.xib; sourceTree = "<group>"; };
		2CB1E57218B529E900DAD2F6 /* ButtonExampleViewController.h */ = {isa = PBXFileReference; fileEncoding = 4; lastKnownFileType = sourcecode.c.h; path = ButtonExampleViewController.h; sourceTree = "<group>"; };
		2CB1E57318B529E900DAD2F6 /* ButtonExampleViewController.m */ = {isa = PBXFileReference; fileEncoding = 4; lastKnownFileType = sourcecode.c.objc; path = ButtonExampleViewController.m; sourceTree = "<group>"; };
		2CB1E57418B529E900DAD2F6 /* ButtonExampleViewController.xib */ = {isa = PBXFileReference; fileEncoding = 4; lastKnownFileType = file.xib; path = ButtonExampleViewController.xib; sourceTree = "<group>"; };
		2CB1E57918B55C4C00DAD2F6 /* AdSupport.framework */ = {isa = PBXFileReference; lastKnownFileType = wrapper.framework; name = AdSupport.framework; path = System/Library/Frameworks/AdSupport.framework; sourceTree = SDKROOT; };
		2CB1E57B18B55C5300DAD2F6 /* MapKit.framework */ = {isa = PBXFileReference; lastKnownFileType = wrapper.framework; name = MapKit.framework; path = System/Library/Frameworks/MapKit.framework; sourceTree = SDKROOT; };
		2CB1E57D18B55C5B00DAD2F6 /* QuartzCore.framework */ = {isa = PBXFileReference; lastKnownFileType = wrapper.framework; name = QuartzCore.framework; path = System/Library/Frameworks/QuartzCore.framework; sourceTree = SDKROOT; };
		2CB1E57F18B55C6100DAD2F6 /* CoreLocation.framework */ = {isa = PBXFileReference; lastKnownFileType = wrapper.framework; name = CoreLocation.framework; path = System/Library/Frameworks/CoreLocation.framework; sourceTree = SDKROOT; };
		2CB1E58118B55C6900DAD2F6 /* MessageUI.framework */ = {isa = PBXFileReference; lastKnownFileType = wrapper.framework; name = MessageUI.framework; path = System/Library/Frameworks/MessageUI.framework; sourceTree = SDKROOT; };
		2CB3442A18B7EAFE002323DB /* TestAppHelper.h */ = {isa = PBXFileReference; fileEncoding = 4; lastKnownFileType = sourcecode.c.h; path = TestAppHelper.h; sourceTree = "<group>"; };
		2CB3442B18B7EAFE002323DB /* TestAppHelper.m */ = {isa = PBXFileReference; fileEncoding = 4; lastKnownFileType = sourcecode.c.objc; path = TestAppHelper.m; sourceTree = "<group>"; };
		58050F449F15405998DB4357 /* Pods-SocializeIntegTests.xcconfig */ = {isa = PBXFileReference; includeInIndex = 1; lastKnownFileType = text.xcconfig; name = "Pods-SocializeIntegTests.xcconfig"; path = "Pods/Pods-SocializeIntegTests.xcconfig"; sourceTree = "<group>"; };
		62F8C6B5DE944F96B3FEB355 /* libPods.a */ = {isa = PBXFileReference; explicitFileType = archive.ar; includeInIndex = 0; path = libPods.a; sourceTree = BUILT_PRODUCTS_DIR; };
		6340933BF8424A8F9681E83F /* libPods-SocializeIntegTests.a */ = {isa = PBXFileReference; explicitFileType = archive.ar; includeInIndex = 0; path = "libPods-SocializeIntegTests.a"; sourceTree = BUILT_PRODUCTS_DIR; };
		F621B854D3CE494581D4B434 /* Pods.xcconfig */ = {isa = PBXFileReference; includeInIndex = 1; lastKnownFileType = text.xcconfig; name = Pods.xcconfig; path = Pods/Pods.xcconfig; sourceTree = "<group>"; };
/* End PBXFileReference section */

/* Begin PBXFrameworksBuildPhase section */
		2C74936A18B3E11A00B81FFF /* Frameworks */ = {
			isa = PBXFrameworksBuildPhase;
			buildActionMask = 2147483647;
			files = (
				2CB1E57A18B55C4C00DAD2F6 /* AdSupport.framework in Frameworks */,
				2CB1E57C18B55C5300DAD2F6 /* MapKit.framework in Frameworks */,
				2CB1E57E18B55C5B00DAD2F6 /* QuartzCore.framework in Frameworks */,
				2CB1E58018B55C6100DAD2F6 /* CoreLocation.framework in Frameworks */,
				2CB1E58218B55C6900DAD2F6 /* MessageUI.framework in Frameworks */,
				2C74937518B3E11A00B81FFF /* UIKit.framework in Frameworks */,
				2C74937118B3E11A00B81FFF /* Foundation.framework in Frameworks */,
				2C74937318B3E11A00B81FFF /* CoreGraphics.framework in Frameworks */,
				5DAFA5B2CAF644EBB1E3DC6F /* libPods.a in Frameworks */,
			);
			runOnlyForDeploymentPostprocessing = 0;
		};
		2C74938518B3E11B00B81FFF /* Frameworks */ = {
			isa = PBXFrameworksBuildPhase;
			buildActionMask = 2147483647;
			files = (
				2C74938A18B3E11B00B81FFF /* XCTest.framework in Frameworks */,
				2C74938C18B3E11B00B81FFF /* UIKit.framework in Frameworks */,
				2C74938B18B3E11B00B81FFF /* Foundation.framework in Frameworks */,
				C05DD5FDC849427FB5C5F09C /* libPods-SocializeIntegTests.a in Frameworks */,
			);
			runOnlyForDeploymentPostprocessing = 0;
		};
/* End PBXFrameworksBuildPhase section */

/* Begin PBXGroup section */
		2C00B02519A549E2005EE0B9 /* Resources */ = {
			isa = PBXGroup;
			children = (
				2C00B02819A55092005EE0B9 /* FurryCautte.png */,
				2C00B02619A549E2005EE0B9 /* FurryCautte.jpg */,
			);
			path = Resources;
			sourceTree = "<group>";
		};
		2C74936418B3E11A00B81FFF = {
			isa = PBXGroup;
			children = (
				2C74937618B3E11A00B81FFF /* SocializeInteg */,
				2C74938F18B3E11B00B81FFF /* SocializeIntegTests */,
				2C74936F18B3E11A00B81FFF /* Frameworks */,
				2C74936E18B3E11A00B81FFF /* Products */,
				F621B854D3CE494581D4B434 /* Pods.xcconfig */,
				58050F449F15405998DB4357 /* Pods-SocializeIntegTests.xcconfig */,
			);
			sourceTree = "<group>";
		};
		2C74936E18B3E11A00B81FFF /* Products */ = {
			isa = PBXGroup;
			children = (
				2C74936D18B3E11A00B81FFF /* SocializeInteg.app */,
				2C74938818B3E11B00B81FFF /* SocializeIntegTests.xctest */,
			);
			name = Products;
			sourceTree = "<group>";
		};
		2C74936F18B3E11A00B81FFF /* Frameworks */ = {
			isa = PBXGroup;
			children = (
				2CB1E58118B55C6900DAD2F6 /* MessageUI.framework */,
				2CB1E57F18B55C6100DAD2F6 /* CoreLocation.framework */,
				2CB1E57D18B55C5B00DAD2F6 /* QuartzCore.framework */,
				2CB1E57B18B55C5300DAD2F6 /* MapKit.framework */,
				2CB1E57918B55C4C00DAD2F6 /* AdSupport.framework */,
				2C74937018B3E11A00B81FFF /* Foundation.framework */,
				2C74937218B3E11A00B81FFF /* CoreGraphics.framework */,
				2C74937418B3E11A00B81FFF /* UIKit.framework */,
				2C74938918B3E11B00B81FFF /* XCTest.framework */,
				62F8C6B5DE944F96B3FEB355 /* libPods.a */,
				6340933BF8424A8F9681E83F /* libPods-SocializeIntegTests.a */,
			);
			name = Frameworks;
			sourceTree = "<group>";
		};
		2C74937618B3E11A00B81FFF /* SocializeInteg */ = {
			isa = PBXGroup;
			children = (
				2CB1E56F18B529E900DAD2F6 /* ActionBarExampleViewController.h */,
				2CB1E57018B529E900DAD2F6 /* ActionBarExampleViewController.m */,
				2CB1E57118B529E900DAD2F6 /* ActionBarExampleViewController.xib */,
				2CB1E57218B529E900DAD2F6 /* ButtonExampleViewController.h */,
				2CB1E57318B529E900DAD2F6 /* ButtonExampleViewController.m */,
				2CB1E57418B529E900DAD2F6 /* ButtonExampleViewController.xib */,
				2C74937F18B3E11A00B81FFF /* STAppDelegate.h */,
				2C74938018B3E11A00B81FFF /* STAppDelegate.m */,
				2C7493A118B3EF0F00B81FFF /* STIntegListViewController.h */,
				2C7493A218B3EF0F00B81FFF /* STIntegListViewController.m */,
				2C74938218B3E11A00B81FFF /* Images.xcassets */,
				2C00B02519A549E2005EE0B9 /* Resources */,
				2C74937718B3E11A00B81FFF /* Supporting Files */,
			);
			path = SocializeInteg;
			sourceTree = "<group>";
		};
		2C74937718B3E11A00B81FFF /* Supporting Files */ = {
			isa = PBXGroup;
			children = (
				2C74937818B3E11A00B81FFF /* SocializeInteg-Info.plist */,
				2C74937918B3E11A00B81FFF /* InfoPlist.strings */,
				2C74937C18B3E11A00B81FFF /* main.m */,
				2C74937E18B3E11A00B81FFF /* SocializeInteg-Prefix.pch */,
			);
			name = "Supporting Files";
			sourceTree = "<group>";
		};
		2C74938F18B3E11B00B81FFF /* SocializeIntegTests */ = {
			isa = PBXGroup;
			children = (
				2CB3442A18B7EAFE002323DB /* TestAppHelper.h */,
				2CB3442B18B7EAFE002323DB /* TestAppHelper.m */,
				2C74939518B3E11B00B81FFF /* SocializeIntegTests.m */,
				2C7493A418B4320300B81FFF /* KIFUITestActor+SocializeInteg.h */,
				2C7493A518B4320300B81FFF /* KIFUITestActor+SocializeInteg.m */,
				2C74939018B3E11B00B81FFF /* Supporting Files */,
			);
			path = SocializeIntegTests;
			sourceTree = "<group>";
		};
		2C74939018B3E11B00B81FFF /* Supporting Files */ = {
			isa = PBXGroup;
			children = (
				2C74939118B3E11B00B81FFF /* SocializeIntegTests-Info.plist */,
				2C74939218B3E11B00B81FFF /* InfoPlist.strings */,
			);
			name = "Supporting Files";
			sourceTree = "<group>";
		};
/* End PBXGroup section */

/* Begin PBXNativeTarget section */
		2C74936C18B3E11A00B81FFF /* SocializeInteg */ = {
			isa = PBXNativeTarget;
			buildConfigurationList = 2C74939918B3E11B00B81FFF /* Build configuration list for PBXNativeTarget "SocializeInteg" */;
			buildPhases = (
				1E1D7FA8955F42EB83220332 /* Check Pods Manifest.lock */,
				2C74936918B3E11A00B81FFF /* Sources */,
				2C74936A18B3E11A00B81FFF /* Frameworks */,
				2C74936B18B3E11A00B81FFF /* Resources */,
				C166FC63673F464A88A411E3 /* Copy Pods Resources */,
			);
			buildRules = (
			);
			dependencies = (
			);
			name = SocializeInteg;
			productName = SocializeInteg;
			productReference = 2C74936D18B3E11A00B81FFF /* SocializeInteg.app */;
			productType = "com.apple.product-type.application";
		};
		2C74938718B3E11B00B81FFF /* SocializeIntegTests */ = {
			isa = PBXNativeTarget;
			buildConfigurationList = 2C74939C18B3E11B00B81FFF /* Build configuration list for PBXNativeTarget "SocializeIntegTests" */;
			buildPhases = (
				AAF319C063E749FD95829475 /* Check Pods Manifest.lock */,
				2C74938418B3E11B00B81FFF /* Sources */,
				2C74938518B3E11B00B81FFF /* Frameworks */,
				2C74938618B3E11B00B81FFF /* Resources */,
				5EC901C59FC64D37A317DFF4 /* Copy Pods Resources */,
			);
			buildRules = (
			);
			dependencies = (
				2C74938E18B3E11B00B81FFF /* PBXTargetDependency */,
			);
			name = SocializeIntegTests;
			productName = SocializeIntegTests;
			productReference = 2C74938818B3E11B00B81FFF /* SocializeIntegTests.xctest */;
			productType = "com.apple.product-type.bundle.unit-test";
		};
/* End PBXNativeTarget section */

/* Begin PBXProject section */
		2C74936518B3E11A00B81FFF /* Project object */ = {
			isa = PBXProject;
			attributes = {
				CLASSPREFIX = ST;
				LastUpgradeCheck = 0500;
				ORGANIZATIONNAME = ShareThis;
				TargetAttributes = {
					2C74938718B3E11B00B81FFF = {
						TestTargetID = 2C74936C18B3E11A00B81FFF;
					};
				};
			};
			buildConfigurationList = 2C74936818B3E11A00B81FFF /* Build configuration list for PBXProject "SocializeInteg" */;
			compatibilityVersion = "Xcode 3.2";
			developmentRegion = English;
			hasScannedForEncodings = 0;
			knownRegions = (
				en,
			);
			mainGroup = 2C74936418B3E11A00B81FFF;
			productRefGroup = 2C74936E18B3E11A00B81FFF /* Products */;
			projectDirPath = "";
			projectRoot = "";
			targets = (
				2C74936C18B3E11A00B81FFF /* SocializeInteg */,
				2C74938718B3E11B00B81FFF /* SocializeIntegTests */,
			);
		};
/* End PBXProject section */

/* Begin PBXResourcesBuildPhase section */
		2C74936B18B3E11A00B81FFF /* Resources */ = {
			isa = PBXResourcesBuildPhase;
			buildActionMask = 2147483647;
			files = (
				2C00B02919A55092005EE0B9 /* FurryCautte.png in Resources */,
				2CB1E57618B529E900DAD2F6 /* ActionBarExampleViewController.xib in Resources */,
				2C74937B18B3E11A00B81FFF /* InfoPlist.strings in Resources */,
				2C74938318B3E11A00B81FFF /* Images.xcassets in Resources */,
				2C00B02719A549E2005EE0B9 /* FurryCautte.jpg in Resources */,
				2CB1E57818B529E900DAD2F6 /* ButtonExampleViewController.xib in Resources */,
			);
			runOnlyForDeploymentPostprocessing = 0;
		};
		2C74938618B3E11B00B81FFF /* Resources */ = {
			isa = PBXResourcesBuildPhase;
			buildActionMask = 2147483647;
			files = (
				2C74939418B3E11B00B81FFF /* InfoPlist.strings in Resources */,
			);
			runOnlyForDeploymentPostprocessing = 0;
		};
/* End PBXResourcesBuildPhase section */

/* Begin PBXShellScriptBuildPhase section */
		1E1D7FA8955F42EB83220332 /* Check Pods Manifest.lock */ = {
			isa = PBXShellScriptBuildPhase;
			buildActionMask = 2147483647;
			files = (
			);
			inputPaths = (
			);
			name = "Check Pods Manifest.lock";
			outputPaths = (
			);
			runOnlyForDeploymentPostprocessing = 0;
			shellPath = /bin/sh;
			shellScript = "diff \"${PODS_ROOT}/../Podfile.lock\" \"${PODS_ROOT}/Manifest.lock\" > /dev/null\nif [[ $? != 0 ]] ; then\n    cat << EOM\nerror: The sandbox is not in sync with the Podfile.lock. Run 'pod install' or update your CocoaPods installation.\nEOM\n    exit 1\nfi\n";
			showEnvVarsInLog = 0;
		};
		5EC901C59FC64D37A317DFF4 /* Copy Pods Resources */ = {
			isa = PBXShellScriptBuildPhase;
			buildActionMask = 2147483647;
			files = (
			);
			inputPaths = (
			);
			name = "Copy Pods Resources";
			outputPaths = (
			);
			runOnlyForDeploymentPostprocessing = 0;
			shellPath = /bin/sh;
			shellScript = "\"${SRCROOT}/Pods/Pods-SocializeIntegTests-resources.sh\"\n";
			showEnvVarsInLog = 0;
		};
		AAF319C063E749FD95829475 /* Check Pods Manifest.lock */ = {
			isa = PBXShellScriptBuildPhase;
			buildActionMask = 2147483647;
			files = (
			);
			inputPaths = (
			);
			name = "Check Pods Manifest.lock";
			outputPaths = (
			);
			runOnlyForDeploymentPostprocessing = 0;
			shellPath = /bin/sh;
			shellScript = "diff \"${PODS_ROOT}/../Podfile.lock\" \"${PODS_ROOT}/Manifest.lock\" > /dev/null\nif [[ $? != 0 ]] ; then\n    cat << EOM\nerror: The sandbox is not in sync with the Podfile.lock. Run 'pod install' or update your CocoaPods installation.\nEOM\n    exit 1\nfi\n";
			showEnvVarsInLog = 0;
		};
		C166FC63673F464A88A411E3 /* Copy Pods Resources */ = {
			isa = PBXShellScriptBuildPhase;
			buildActionMask = 2147483647;
			files = (
			);
			inputPaths = (
			);
			name = "Copy Pods Resources";
			outputPaths = (
			);
			runOnlyForDeploymentPostprocessing = 0;
			shellPath = /bin/sh;
			shellScript = "\"${SRCROOT}/Pods/Pods-resources.sh\"\n";
			showEnvVarsInLog = 0;
		};
/* End PBXShellScriptBuildPhase section */

/* Begin PBXSourcesBuildPhase section */
		2C74936918B3E11A00B81FFF /* Sources */ = {
			isa = PBXSourcesBuildPhase;
			buildActionMask = 2147483647;
			files = (
				2C7493A318B3EF0F00B81FFF /* STIntegListViewController.m in Sources */,
				2CB1E57718B529E900DAD2F6 /* ButtonExampleViewController.m in Sources */,
				2C74937D18B3E11A00B81FFF /* main.m in Sources */,
				2CB1E57518B529E900DAD2F6 /* ActionBarExampleViewController.m in Sources */,
				2C74938118B3E11A00B81FFF /* STAppDelegate.m in Sources */,
			);
			runOnlyForDeploymentPostprocessing = 0;
		};
		2C74938418B3E11B00B81FFF /* Sources */ = {
			isa = PBXSourcesBuildPhase;
			buildActionMask = 2147483647;
			files = (
				2CB3442C18B7EAFE002323DB /* TestAppHelper.m in Sources */,
				2C7493A618B4320300B81FFF /* KIFUITestActor+SocializeInteg.m in Sources */,
				2C74939618B3E11B00B81FFF /* SocializeIntegTests.m in Sources */,
			);
			runOnlyForDeploymentPostprocessing = 0;
		};
/* End PBXSourcesBuildPhase section */

/* Begin PBXTargetDependency section */
		2C74938E18B3E11B00B81FFF /* PBXTargetDependency */ = {
			isa = PBXTargetDependency;
			target = 2C74936C18B3E11A00B81FFF /* SocializeInteg */;
			targetProxy = 2C74938D18B3E11B00B81FFF /* PBXContainerItemProxy */;
		};
/* End PBXTargetDependency section */

/* Begin PBXVariantGroup section */
		2C74937918B3E11A00B81FFF /* InfoPlist.strings */ = {
			isa = PBXVariantGroup;
			children = (
				2C74937A18B3E11A00B81FFF /* en */,
			);
			name = InfoPlist.strings;
			sourceTree = "<group>";
		};
		2C74939218B3E11B00B81FFF /* InfoPlist.strings */ = {
			isa = PBXVariantGroup;
			children = (
				2C74939318B3E11B00B81FFF /* en */,
			);
			name = InfoPlist.strings;
			sourceTree = "<group>";
		};
/* End PBXVariantGroup section */

/* Begin XCBuildConfiguration section */
		2C74939718B3E11B00B81FFF /* Debug */ = {
			isa = XCBuildConfiguration;
			buildSettings = {
				ALWAYS_SEARCH_USER_PATHS = NO;
				ARCHS = "$(ARCHS_STANDARD)";
				CLANG_CXX_LANGUAGE_STANDARD = "gnu++0x";
				CLANG_CXX_LIBRARY = "compiler-default";
				CLANG_ENABLE_MODULES = NO;
				CLANG_ENABLE_OBJC_ARC = YES;
				CLANG_WARN_BOOL_CONVERSION = "$(CLANG_WARN_SUSPICIOUS_IMPLICIT_CONVERSION)";
				CLANG_WARN_CONSTANT_CONVERSION = "$(CLANG_WARN_SUSPICIOUS_IMPLICIT_CONVERSION)";
				CLANG_WARN_DIRECT_OBJC_ISA_USAGE = NO;
				CLANG_WARN_EMPTY_BODY = YES;
				CLANG_WARN_ENUM_CONVERSION = "$(CLANG_WARN_SUSPICIOUS_IMPLICIT_CONVERSION)";
				CLANG_WARN_INT_CONVERSION = "$(CLANG_WARN_SUSPICIOUS_IMPLICIT_CONVERSION)";
				CLANG_WARN_OBJC_ROOT_CLASS = YES;
				CLANG_WARN__DUPLICATE_METHOD_MATCH = YES;
				"CODE_SIGN_IDENTITY[sdk=iphoneos*]" = "iPhone Developer";
				COPY_PHASE_STRIP = NO;
				GCC_C_LANGUAGE_STANDARD = gnu99;
				GCC_DYNAMIC_NO_PIC = NO;
				GCC_OPTIMIZATION_LEVEL = 0;
				GCC_PREPROCESSOR_DEFINITIONS = (
					"DEBUG=1",
					"$(inherited)",
				);
				GCC_SYMBOLS_PRIVATE_EXTERN = NO;
				GCC_WARN_64_TO_32_BIT_CONVERSION = NO;
				"GCC_WARN_64_TO_32_BIT_CONVERSION[arch=*64]" = YES;
				GCC_WARN_ABOUT_RETURN_TYPE = YES;
				GCC_WARN_UNDECLARED_SELECTOR = NO;
				GCC_WARN_UNINITIALIZED_AUTOS = YES;
				GCC_WARN_UNUSED_FUNCTION = NO;
				GCC_WARN_UNUSED_VARIABLE = YES;
				GENERATE_PROFILING_CODE = YES;
				IPHONEOS_DEPLOYMENT_TARGET = 6.1;
				ONLY_ACTIVE_ARCH = YES;
				SDKROOT = iphoneos;
				TARGETED_DEVICE_FAMILY = "1,2";
				WARNING_CFLAGS = "-Wall";
			};
			name = Debug;
		};
		2C74939818B3E11B00B81FFF /* Release */ = {
			isa = XCBuildConfiguration;
			buildSettings = {
				ALWAYS_SEARCH_USER_PATHS = NO;
				ARCHS = "$(ARCHS_STANDARD)";
				CLANG_CXX_LANGUAGE_STANDARD = "gnu++0x";
				CLANG_CXX_LIBRARY = "compiler-default";
				CLANG_ENABLE_MODULES = NO;
				CLANG_ENABLE_OBJC_ARC = YES;
				CLANG_WARN_BOOL_CONVERSION = "$(CLANG_WARN_SUSPICIOUS_IMPLICIT_CONVERSION)";
				CLANG_WARN_CONSTANT_CONVERSION = "$(CLANG_WARN_SUSPICIOUS_IMPLICIT_CONVERSION)";
				CLANG_WARN_DIRECT_OBJC_ISA_USAGE = NO;
				CLANG_WARN_EMPTY_BODY = YES;
				CLANG_WARN_ENUM_CONVERSION = "$(CLANG_WARN_SUSPICIOUS_IMPLICIT_CONVERSION)";
				CLANG_WARN_INT_CONVERSION = "$(CLANG_WARN_SUSPICIOUS_IMPLICIT_CONVERSION)";
				CLANG_WARN_OBJC_ROOT_CLASS = YES;
				CLANG_WARN__DUPLICATE_METHOD_MATCH = YES;
				"CODE_SIGN_IDENTITY[sdk=iphoneos*]" = "iPhone Distribution";
				COPY_PHASE_STRIP = YES;
				ENABLE_NS_ASSERTIONS = NO;
				GCC_C_LANGUAGE_STANDARD = gnu99;
				GCC_WARN_64_TO_32_BIT_CONVERSION = NO;
				"GCC_WARN_64_TO_32_BIT_CONVERSION[arch=*64]" = YES;
				GCC_WARN_ABOUT_RETURN_TYPE = YES;
				GCC_WARN_UNDECLARED_SELECTOR = NO;
				GCC_WARN_UNINITIALIZED_AUTOS = YES;
				GCC_WARN_UNUSED_FUNCTION = NO;
				GCC_WARN_UNUSED_VARIABLE = YES;
				IPHONEOS_DEPLOYMENT_TARGET = 6.1;
				SDKROOT = iphoneos;
				TARGETED_DEVICE_FAMILY = "1,2";
				VALIDATE_PRODUCT = YES;
				WARNING_CFLAGS = "-Wall";
			};
			name = Release;
		};
		2C74939A18B3E11B00B81FFF /* Debug */ = {
			isa = XCBuildConfiguration;
			baseConfigurationReference = F621B854D3CE494581D4B434 /* Pods.xcconfig */;
			buildSettings = {
				ASSETCATALOG_COMPILER_APPICON_NAME = AppIcon;
				ASSETCATALOG_COMPILER_LAUNCHIMAGE_NAME = LaunchImage;
				FRAMEWORK_SEARCH_PATHS = "$(inherited)";
				GCC_PRECOMPILE_PREFIX_HEADER = NO;
				GCC_PREFIX_HEADER = "SocializeInteg/SocializeInteg-Prefix.pch";
				INFOPLIST_FILE = "SocializeInteg/SocializeInteg-Info.plist";
				IPHONEOS_DEPLOYMENT_TARGET = 6.1;
				OTHER_LDFLAGS = (
					"-ObjC",
					"-all_load",
					"-framework",
					CoreGraphics,
					"-framework",
					CoreLocation,
					"-framework",
					MessageUI,
					"-framework",
					MobileCoreServices,
					"-framework",
					Security,
					"-framework",
					SystemConfiguration,
					"-weak_framework",
					Accounts,
					"-weak_framework",
					AdSupport,
					"-weak_framework",
					Security,
					"-weak_framework",
					Social,
				);
				PRODUCT_NAME = "$(TARGET_NAME)";
				WRAPPER_EXTENSION = app;
			};
			name = Debug;
		};
		2C74939B18B3E11B00B81FFF /* Release */ = {
			isa = XCBuildConfiguration;
			baseConfigurationReference = F621B854D3CE494581D4B434 /* Pods.xcconfig */;
			buildSettings = {
				ASSETCATALOG_COMPILER_APPICON_NAME = AppIcon;
				ASSETCATALOG_COMPILER_LAUNCHIMAGE_NAME = LaunchImage;
				FRAMEWORK_SEARCH_PATHS = "$(inherited)";
				GCC_PRECOMPILE_PREFIX_HEADER = NO;
				GCC_PREFIX_HEADER = "SocializeInteg/SocializeInteg-Prefix.pch";
				INFOPLIST_FILE = "SocializeInteg/SocializeInteg-Info.plist";
				IPHONEOS_DEPLOYMENT_TARGET = 6.1;
				OTHER_LDFLAGS = (
					"-ObjC",
					"-all_load",
					"-framework",
					CoreGraphics,
					"-framework",
					CoreLocation,
					"-framework",
					MessageUI,
					"-framework",
					MobileCoreServices,
					"-framework",
					Security,
					"-framework",
					SystemConfiguration,
					"-weak_framework",
					Accounts,
					"-weak_framework",
					AdSupport,
					"-weak_framework",
					Security,
					"-weak_framework",
					Social,
				);
				PRODUCT_NAME = "$(TARGET_NAME)";
				WRAPPER_EXTENSION = app;
			};
			name = Release;
		};
		2C74939D18B3E11B00B81FFF /* Debug */ = {
			isa = XCBuildConfiguration;
			baseConfigurationReference = 58050F449F15405998DB4357 /* Pods-SocializeIntegTests.xcconfig */;
			buildSettings = {
				ARCHS = "$(ARCHS_STANDARD_INCLUDING_64_BIT)";
				BUNDLE_LOADER = "$(BUILT_PRODUCTS_DIR)/SocializeInteg.app/SocializeInteg";
				FRAMEWORK_SEARCH_PATHS = (
					"$(SDKROOT)/Developer/Library/Frameworks",
					"$(inherited)",
					"$(DEVELOPER_FRAMEWORKS_DIR)",
				);
				GCC_PRECOMPILE_PREFIX_HEADER = YES;
				GCC_PREFIX_HEADER = "SocializeInteg/SocializeInteg-Prefix.pch";
				GCC_PREPROCESSOR_DEFINITIONS = (
					"DEBUG=1",
					"$(inherited)",
				);
				INFOPLIST_FILE = "SocializeIntegTests/SocializeIntegTests-Info.plist";
				PRODUCT_NAME = "$(TARGET_NAME)";
				TEST_HOST = "$(BUNDLE_LOADER)";
				WRAPPER_EXTENSION = xctest;
			};
			name = Debug;
		};
		2C74939E18B3E11B00B81FFF /* Release */ = {
			isa = XCBuildConfiguration;
			baseConfigurationReference = 58050F449F15405998DB4357 /* Pods-SocializeIntegTests.xcconfig */;
			buildSettings = {
				ARCHS = "$(ARCHS_STANDARD_INCLUDING_64_BIT)";
				BUNDLE_LOADER = "$(BUILT_PRODUCTS_DIR)/SocializeInteg.app/SocializeInteg";
				FRAMEWORK_SEARCH_PATHS = (
					"$(SDKROOT)/Developer/Library/Frameworks",
					"$(inherited)",
					"$(DEVELOPER_FRAMEWORKS_DIR)",
				);
				GCC_PRECOMPILE_PREFIX_HEADER = YES;
				GCC_PREFIX_HEADER = "SocializeInteg/SocializeInteg-Prefix.pch";
				INFOPLIST_FILE = "SocializeIntegTests/SocializeIntegTests-Info.plist";
				PRODUCT_NAME = "$(TARGET_NAME)";
				TEST_HOST = "$(BUNDLE_LOADER)";
				WRAPPER_EXTENSION = xctest;
			};
			name = Release;
		};
/* End XCBuildConfiguration section */

/* Begin XCConfigurationList section */
		2C74936818B3E11A00B81FFF /* Build configuration list for PBXProject "SocializeInteg" */ = {
			isa = XCConfigurationList;
			buildConfigurations = (
				2C74939718B3E11B00B81FFF /* Debug */,
				2C74939818B3E11B00B81FFF /* Release */,
			);
			defaultConfigurationIsVisible = 0;
			defaultConfigurationName = Release;
		};
		2C74939918B3E11B00B81FFF /* Build configuration list for PBXNativeTarget "SocializeInteg" */ = {
			isa = XCConfigurationList;
			buildConfigurations = (
				2C74939A18B3E11B00B81FFF /* Debug */,
				2C74939B18B3E11B00B81FFF /* Release */,
			);
			defaultConfigurationIsVisible = 0;
			defaultConfigurationName = Release;
		};
		2C74939C18B3E11B00B81FFF /* Build configuration list for PBXNativeTarget "SocializeIntegTests" */ = {
			isa = XCConfigurationList;
			buildConfigurations = (
				2C74939D18B3E11B00B81FFF /* Debug */,
				2C74939E18B3E11B00B81FFF /* Release */,
			);
			defaultConfigurationIsVisible = 0;
			defaultConfigurationName = Release;
		};
/* End XCConfigurationList section */
	};
	rootObject = 2C74936518B3E11A00B81FFF /* Project object */;
}
